
Microsoft Visual Studio Solution File, Format Version 12.00
# Visual Studio 15
VisualStudioVersion = 15.0.26228.12
MinimumVisualStudioVersion = 10.0.40219.1
Project("{FAE04EC0-301F-11D3-BF4B-00C04F79EFBC}") = "FileMover", "FileMover\FileMover.csproj", "{BD49A53A-3249-4FA4-85AC-C86C6C4726D0}"
EndProject
Project("{FAE04EC0-301F-11D3-BF4B-00C04F79EFBC}") = "TaskMover", "TaskMover\TaskMover.csproj", "{4F2E6711-2B31-46D7-BB0D-D90370C6CD52}"
EndProject
Global
	GlobalSection(SolutionConfigurationPlatforms) = preSolution
		Debug|Any CPU = Debug|Any CPU
		Release|Any CPU = Release|Any CPU
	EndGlobalSection
	GlobalSection(ProjectConfigurationPlatforms) = postSolution
		{BD49A53A-3249-4FA4-85AC-C86C6C4726D0}.Debug|Any CPU.ActiveCfg = Debug|Any CPU
		{BD49A53A-3249-4FA4-85AC-C86C6C4726D0}.Debug|Any CPU.Build.0 = Debug|Any CPU
		{BD49A53A-3249-4FA4-85AC-C86C6C4726D0}.Release|Any CPU.ActiveCfg = Release|Any CPU
		{BD49A53A-3249-4FA4-85AC-C86C6C4726D0}.Release|Any CPU.Build.0 = Release|Any CPU
		{4F2E6711-2B31-46D7-BB0D-D90370C6CD52}.Debug|Any CPU.ActiveCfg = Debug|Any CPU
		{4F2E6711-2B31-46D7-BB0D-D90370C6CD52}.Debug|Any CPU.Build.0 = Debug|Any CPU
		{4F2E6711-2B31-46D7-BB0D-D90370C6CD52}.Release|Any CPU.ActiveCfg = Release|Any CPU
		{4F2E6711-2B31-46D7-BB0D-D90370C6CD52}.Release|Any CPU.Build.0 = Release|Any CPU
	EndGlobalSection
	GlobalSection(SolutionProperties) = preSolution
		HideSolutionNode = FALSE
	EndGlobalSection
	GlobalSection(TeamFoundationVersionControl) = preSolution
		SccNumberOfProjects = 3
		SccEnterpriseProvider = {4CA58AB2-18FA-4F8D-95D4-32DDF27D184C}
		SccTeamFoundationServer = https://janiskacens.visualstudio.com/
		SccLocalPath0 = .
		SccProjectUniqueName1 = FileMover\\FileMover.csproj
		SccProjectName1 = FileMover
		SccLocalPath1 = FileMover
		SccProjectUniqueName2 = TaskMover\\TaskMover.csproj
		SccProjectName2 = TaskMover
		SccLocalPath2 = TaskMover
	EndGlobalSection
EndGlobal
