
Microsoft Visual Studio Solution File, Format Version 12.00
# Visual Studio 15
VisualStudioVersion = 15.0.26228.9
MinimumVisualStudioVersion = 10.0.40219.1
Project("{FAE04EC0-301F-11D3-BF4B-00C04F79EFBC}") = "zimeshana", "zimeshana\zimeshana.csproj", "{41EC9E5C-92AD-464E-86F0-021C261FB0AC}"
EndProject
Project("{FAE04EC0-301F-11D3-BF4B-00C04F79EFBC}") = "Serveris", "Serveris\Serveris.csproj", "{43A4029F-7876-4709-8ED3-C12FECA694CA}"
EndProject
Global
	GlobalSection(SolutionConfigurationPlatforms) = preSolution
		Debug|Any CPU = Debug|Any CPU
		Release|Any CPU = Release|Any CPU
	EndGlobalSection
	GlobalSection(ProjectConfigurationPlatforms) = postSolution
		{41EC9E5C-92AD-464E-86F0-021C261FB0AC}.Debug|Any CPU.ActiveCfg = Debug|Any CPU
		{41EC9E5C-92AD-464E-86F0-021C261FB0AC}.Debug|Any CPU.Build.0 = Debug|Any CPU
		{41EC9E5C-92AD-464E-86F0-021C261FB0AC}.Release|Any CPU.ActiveCfg = Release|Any CPU
		{41EC9E5C-92AD-464E-86F0-021C261FB0AC}.Release|Any CPU.Build.0 = Release|Any CPU
		{43A4029F-7876-4709-8ED3-C12FECA694CA}.Debug|Any CPU.ActiveCfg = Debug|Any CPU
		{43A4029F-7876-4709-8ED3-C12FECA694CA}.Debug|Any CPU.Build.0 = Debug|Any CPU
		{43A4029F-7876-4709-8ED3-C12FECA694CA}.Release|Any CPU.ActiveCfg = Release|Any CPU
		{43A4029F-7876-4709-8ED3-C12FECA694CA}.Release|Any CPU.Build.0 = Release|Any CPU
	EndGlobalSection
	GlobalSection(SolutionProperties) = preSolution
		HideSolutionNode = FALSE
	EndGlobalSection
	GlobalSection(TeamFoundationVersionControl) = preSolution
		SccNumberOfProjects = 3
		SccEnterpriseProvider = {4CA58AB2-18FA-4F8D-95D4-32DDF27D184C}
		SccTeamFoundationServer = https://janiskacens.visualstudio.com/
		SccLocalPath0 = .
		SccProjectUniqueName1 = zimeshana\\zimeshana.csproj
		SccProjectName1 = zimeshana
		SccLocalPath1 = zimeshana
		SccProjectUniqueName2 = Serveris\\Serveris.csproj
		SccProjectName2 = Serveris
		SccLocalPath2 = Serveris
	EndGlobalSection
EndGlobal
